
Microsoft Visual Studio Solution File, Format Version 12.00
# Visual Studio 15
VisualStudioVersion = 15.0.27130.2036
MinimumVisualStudioVersion = 10.0.40219.1
Project("{FAE04EC0-301F-11D3-BF4B-00C04F79EFBC}") = "ConsoleMachineTest", "ConsoleMachineTest\ConsoleMachineTest.csproj", "{6E62C120-2803-4852-A13F-8C8BFB7F4852}"
EndProject
Project("{FAE04EC0-301F-11D3-BF4B-00C04F79EFBC}") = "UnitTests", "UnitTests\UnitTests.csproj", "{FDEAD078-AEE3-4327-98BA-96EC79000256}"
EndProject
Global
	GlobalSection(SolutionConfigurationPlatforms) = preSolution
		Debug|Any CPU = Debug|Any CPU
		Release|Any CPU = Release|Any CPU
	EndGlobalSection
	GlobalSection(ProjectConfigurationPlatforms) = postSolution
		{6E62C120-2803-4852-A13F-8C8BFB7F4852}.Debug|Any CPU.ActiveCfg = Debug|Any CPU
		{6E62C120-2803-4852-A13F-8C8BFB7F4852}.Debug|Any CPU.Build.0 = Debug|Any CPU
		{6E62C120-2803-4852-A13F-8C8BFB7F4852}.Release|Any CPU.ActiveCfg = Release|Any CPU
		{6E62C120-2803-4852-A13F-8C8BFB7F4852}.Release|Any CPU.Build.0 = Release|Any CPU
		{FDEAD078-AEE3-4327-98BA-96EC79000256}.Debug|Any CPU.ActiveCfg = Debug|Any CPU
		{FDEAD078-AEE3-4327-98BA-96EC79000256}.Debug|Any CPU.Build.0 = Debug|Any CPU
		{FDEAD078-AEE3-4327-98BA-96EC79000256}.Release|Any CPU.ActiveCfg = Release|Any CPU
		{FDEAD078-AEE3-4327-98BA-96EC79000256}.Release|Any CPU.Build.0 = Release|Any CPU
	EndGlobalSection
	GlobalSection(SolutionProperties) = preSolution
		HideSolutionNode = FALSE
	EndGlobalSection
	GlobalSection(ExtensibilityGlobals) = postSolution
		SolutionGuid = {21B9191B-2656-4AC2-B273-130E34A63755}
	EndGlobalSection
EndGlobal
